PODS:
  - Differentiator (3.1.0)
  - Kingfisher (4.10.1)
  - PhoneNumberKit (3.2.0):
    - PhoneNumberKit/PhoneNumberKitCore (= 3.2.0)
    - PhoneNumberKit/UIKit (= 3.2.0)
  - PhoneNumberKit/PhoneNumberKitCore (3.2.0)
  - PhoneNumberKit/UIKit (3.2.0):
    - PhoneNumberKit/PhoneNumberKitCore
  - PieCharts (0.0.7)
  - PromiseKit (6.13.1):
    - PromiseKit/CorePromise (= 6.13.1)
    - PromiseKit/Foundation (= 6.13.1)
    - PromiseKit/UIKit (= 6.13.1)
  - PromiseKit/CorePromise (6.13.1)
  - PromiseKit/Foundation (6.13.1):
    - PromiseKit/CorePromise
  - PromiseKit/UIKit (6.13.1):
    - PromiseKit/CorePromise
  - ReachabilitySwift (5.0.0)
  - Realm (3.21.0):
    - Realm/Headers (= 3.21.0)
  - Realm/Headers (3.21.0)
  - RealmSwift (3.21.0):
    - Realm (= 3.21.0)
  - RxCocoa (4.5.0):
    - RxSwift (>= 4.4.2, ~> 4.4)
  - RxDataSources (3.1.0):
    - Differentiator (~> 3.0)
    - RxCocoa (~> 4.0)
    - RxSwift (~> 4.0)
  - RxRealm (0.7.6):
    - RealmSwift (~> 3.0)
    - RxSwift (~> 4.0)
  - RxRealmDataSources (0.2.10):
    - RealmSwift (~> 3.10)
    - RxCocoa (~> 4.0)
    - RxRealm (~> 0.7.6)
    - RxSwift (~> 4.0)
  - RxSwift (4.5.0)
  - ScanditBarcodeCapture (6.0.3):
    - ScanditCaptureCore (= 6.0.3)
  - ScanditCaptureCore (6.0.3)
  - SwiftyJSON (5.0.0)

DEPENDENCIES:
  - Kingfisher
  - PhoneNumberKit
  - PieCharts
  - PromiseKit (~> 6.0)
  - ReachabilitySwift
  - RealmSwift
  - RxCocoa
  - RxDataSources
  - RxRealmDataSources
  - RxSwift
  - ScanditBarcodeCapture (= 6.0.3)
  - SwiftyJSON

SPEC REPOS:
  https://github.com/CocoaPods/Specs.git:
    - Differentiator
    - Kingfisher
    - PhoneNumberKit
    - PieCharts
    - PromiseKit
    - ReachabilitySwift
    - Realm
    - RealmSwift
    - RxCocoa
    - RxDataSources
    - RxRealm
    - RxRealmDataSources
    - RxSwift
    - ScanditBarcodeCapture
    - ScanditCaptureCore
    - SwiftyJSON

SPEC CHECKSUMS:
  Differentiator: be49ca3408f0ecfc761e4c7763d20c62be01b9ad
  Kingfisher: c148cd7b47ebde9989f6bc7c27dcaa79d81279a0
  PhoneNumberKit: df411d46177d1492da84e10b6c093846dd861452
  PieCharts: 30e50dfa7dc19e5b84e9878d32089673ef5d0453
  PromiseKit: 28fda91c973cc377875d8c0ea4f973013c05b6db
  ReachabilitySwift: 985039c6f7b23a1da463388634119492ff86c825
  Realm: 38e9dcb19104b58407167d99f70d4995f7c16023
  RealmSwift: 3183cc1ad48378fbcd634311b22c0e6c44021152
  RxCocoa: cbf70265dc65a981d4ac982e513c10cf23df24a0
  RxDataSources: a843bad90c29817f5923ec8163f4af2de084ceb3
  RxRealm: 5379eddd74f8d617ca7681d1f8d144af25b432b0
  RxRealmDataSources: 89b61c0d3edf7769da2a6bf4dcf317bc713394db
  RxSwift: f172070dfd1a93d70a9ab97a5a01166206e1c575
  ScanditBarcodeCapture: a57a1c7392aea546766332444d3f56a6c56fd5dd
  ScanditCaptureCore: b9eb50d9ea9d05a32e5eb9c3c9490867fcaaaf6d
  SwiftyJSON: 36413e04c44ee145039d332b4f4e2d3e8d6c4db7

PODFILE CHECKSUM: 8f5b281273c1c108492ecadda0dc8583f117d63a

COCOAPODS: 1.9.1
