// !$*UTF8*$!
{
	archiveVersion = 1;
	classes = {
	};
	objectVersion = 50;
	objects = {

/* Begin PBXBuildFile section */
		009644D1982A1FFB8E11B013 /* Pods_signInApp.framework in Frameworks */ = {isa = PBXBuildFile; fileRef = F9944ADD7597329722D2089E /* Pods_signInApp.framework */; };
		AD1739B521DCE8FC00218BE5 /* Localizable.strings in Resources */ = {isa = PBXBuildFile; fileRef = AD1739B421DCE8FC00218BE5 /* Localizable.strings */; };
		AD1739BB21DD26AE00218BE5 /* UIViewController+ErrorPresentation.swift in Sources */ = {isa = PBXBuildFile; fileRef = AD1739BA21DD26AE00218BE5 /* UIViewController+ErrorPresentation.swift */; };
		AD1739BF21DD395100218BE5 /* SignInResponsePayload.swift in Sources */ = {isa = PBXBuildFile; fileRef = AD1739BE21DD395100218BE5 /* SignInResponsePayload.swift */; };
		AD1739C121DD398200218BE5 /* SignInErrorPayload.swift in Sources */ = {isa = PBXBuildFile; fileRef = AD1739C021DD398200218BE5 /* SignInErrorPayload.swift */; };
		AD1739C421DD4D2700218BE5 /* AlwaysExtensions.swift in Sources */ = {isa = PBXBuildFile; fileRef = AD1739C321DD4D2700218BE5 /* AlwaysExtensions.swift */; };
		AD1739C921DE14B900218BE5 /* LogoutVC.swift in Sources */ = {isa = PBXBuildFile; fileRef = AD1739C821DE14B900218BE5 /* LogoutVC.swift */; };
		AD1739CB21DE1ADA00218BE5 /* MainViewModel.swift in Sources */ = {isa = PBXBuildFile; fileRef = AD1739CA21DE1ADA00218BE5 /* MainViewModel.swift */; };
		AD1739CE21DE1B8900218BE5 /* SignInResponder.swift in Sources */ = {isa = PBXBuildFile; fileRef = AD1739CD21DE1B8900218BE5 /* SignInResponder.swift */; };
		AD1739D021DE1BDA00218BE5 /* MainViewState.swift in Sources */ = {isa = PBXBuildFile; fileRef = AD1739CF21DE1BDA00218BE5 /* MainViewState.swift */; };
		AD1739D321DE1E7900218BE5 /* Factory.swift in Sources */ = {isa = PBXBuildFile; fileRef = AD1739D221DE1E7900218BE5 /* Factory.swift */; };
		AD1739D521DE3D6900218BE5 /* LogoutViewModel.swift in Sources */ = {isa = PBXBuildFile; fileRef = AD1739D421DE3D6900218BE5 /* LogoutViewModel.swift */; };
		AD4F013B21D8F62E00946CBA /* ErrorMessage.swift in Sources */ = {isa = PBXBuildFile; fileRef = AD4F013A21D8F62E00946CBA /* ErrorMessage.swift */; };
		AD4F013D21D8F68E00946CBA /* Secret.swift in Sources */ = {isa = PBXBuildFile; fileRef = AD4F013C21D8F68E00946CBA /* Secret.swift */; };
		AD4F014421D8F7D500946CBA /* UserSessionRepository.swift in Sources */ = {isa = PBXBuildFile; fileRef = AD4F014321D8F7D500946CBA /* UserSessionRepository.swift */; };
		ADABCC4A21E4AA6A00B43427 /* APIController.swift in Sources */ = {isa = PBXBuildFile; fileRef = ADABCC4921E4AA6A00B43427 /* APIController.swift */; };
		ADABCC4D21E4AB3C00B43427 /* Question.swift in Sources */ = {isa = PBXBuildFile; fileRef = ADABCC4C21E4AB3C00B43427 /* Question.swift */; };
		ADABCC4F21E4AB7700B43427 /* RealmQuestion.swift in Sources */ = {isa = PBXBuildFile; fileRef = ADABCC4E21E4AB7700B43427 /* RealmQuestion.swift */; };
		ADABCC5221E4E23500B43427 /* QuestionsDataStore.swift in Sources */ = {isa = PBXBuildFile; fileRef = ADABCC5121E4E23500B43427 /* QuestionsDataStore.swift */; };
		ADABCC5421E4E28F00B43427 /* RealmQuestionsDataStore.swift in Sources */ = {isa = PBXBuildFile; fileRef = ADABCC5321E4E28F00B43427 /* RealmQuestionsDataStore.swift */; };
		ADAEE87B21D8F331000B3C52 /* AppDelegate.swift in Sources */ = {isa = PBXBuildFile; fileRef = ADAEE87A21D8F331000B3C52 /* AppDelegate.swift */; };
		ADAEE87D21D8F331000B3C52 /* ViewController.swift in Sources */ = {isa = PBXBuildFile; fileRef = ADAEE87C21D8F331000B3C52 /* ViewController.swift */; };
		ADAEE88021D8F331000B3C52 /* Main.storyboard in Resources */ = {isa = PBXBuildFile; fileRef = ADAEE87E21D8F331000B3C52 /* Main.storyboard */; };
		ADAEE88221D8F332000B3C52 /* Assets.xcassets in Resources */ = {isa = PBXBuildFile; fileRef = ADAEE88121D8F332000B3C52 /* Assets.xcassets */; };
		ADAEE88521D8F332000B3C52 /* LaunchScreen.storyboard in Resources */ = {isa = PBXBuildFile; fileRef = ADAEE88321D8F332000B3C52 /* LaunchScreen.storyboard */; };
		ADB6A63121DF80F2002224C0 /* CampaignsViewModel.swift in Sources */ = {isa = PBXBuildFile; fileRef = ADB6A63021DF80F2002224C0 /* CampaignsViewModel.swift */; };
		ADB6A63421DF8356002224C0 /* CampaignsImplementations.swift in Sources */ = {isa = PBXBuildFile; fileRef = ADB6A63321DF8356002224C0 /* CampaignsImplementations.swift */; };
		ADB6A63621DF83A2002224C0 /* CampaignsRemoteApi.swift in Sources */ = {isa = PBXBuildFile; fileRef = ADB6A63521DF83A2002224C0 /* CampaignsRemoteApi.swift */; };
		ADB6A63A21DF855A002224C0 /* CampaignsRepository.swift in Sources */ = {isa = PBXBuildFile; fileRef = ADB6A63921DF855A002224C0 /* CampaignsRepository.swift */; };
		ADB6A63D21DF8B94002224C0 /* CampaignsDataStore.swift in Sources */ = {isa = PBXBuildFile; fileRef = ADB6A63C21DF8B94002224C0 /* CampaignsDataStore.swift */; };
		ADB6A63F21DF8BA5002224C0 /* RealmCampaignsDataStore.swift in Sources */ = {isa = PBXBuildFile; fileRef = ADB6A63E21DF8BA5002224C0 /* RealmCampaignsDataStore.swift */; };
		ADB6A64321DF9089002224C0 /* RealmCampaign.swift in Sources */ = {isa = PBXBuildFile; fileRef = ADB6A64221DF9089002224C0 /* RealmCampaign.swift */; };
		ADB6A64521DFA2BA002224C0 /* CampaignsErrors.swift in Sources */ = {isa = PBXBuildFile; fileRef = ADB6A64421DFA2BA002224C0 /* CampaignsErrors.swift */; };
		ADE9551A21D8F9BB00B86052 /* RemoteUserSession.swift in Sources */ = {isa = PBXBuildFile; fileRef = ADE9551921D8F9BB00B86052 /* RemoteUserSession.swift */; };
		ADE9551D21D8FAE900B86052 /* UserSession.swift in Sources */ = {isa = PBXBuildFile; fileRef = ADE9551C21D8FAE900B86052 /* UserSession.swift */; };
		ADE9552021D9005300B86052 /* AuthRemoteAPI.swift in Sources */ = {isa = PBXBuildFile; fileRef = ADE9551F21D9005300B86052 /* AuthRemoteAPI.swift */; };
		ADE9552221D9008200B86052 /* AuthImplementations.swift in Sources */ = {isa = PBXBuildFile; fileRef = ADE9552121D9008200B86052 /* AuthImplementations.swift */; };
		ADE9552521D900E400B86052 /* File.swift in Sources */ = {isa = PBXBuildFile; fileRef = ADE9552421D900E400B86052 /* File.swift */; };
		ADE9552721D9016C00B86052 /* Campaign.swift in Sources */ = {isa = PBXBuildFile; fileRef = ADE9552621D9016C00B86052 /* Campaign.swift */; };
		ADE9552B21D9175D00B86052 /* UserSessionDataStore.swift in Sources */ = {isa = PBXBuildFile; fileRef = ADE9552A21D9175D00B86052 /* UserSessionDataStore.swift */; };
		ADE9552D21D918F900B86052 /* FileUserSessionDataStore.swift in Sources */ = {isa = PBXBuildFile; fileRef = ADE9552C21D918F800B86052 /* FileUserSessionDataStore.swift */; };
		ADE9552F21D9193500B86052 /* LeadLinkKitError.swift in Sources */ = {isa = PBXBuildFile; fileRef = ADE9552E21D9193500B86052 /* LeadLinkKitError.swift */; };
		ADE9553121D91A4E00B86052 /* LogInViewModel.swift in Sources */ = {isa = PBXBuildFile; fileRef = ADE9553021D91A4E00B86052 /* LogInViewModel.swift */; };
/* End PBXBuildFile section */

/* Begin PBXFileReference section */
		AD1739B421DCE8FC00218BE5 /* Localizable.strings */ = {isa = PBXFileReference; lastKnownFileType = text.plist.strings; path = Localizable.strings; sourceTree = "<group>"; };
		AD1739BA21DD26AE00218BE5 /* UIViewController+ErrorPresentation.swift */ = {isa = PBXFileReference; lastKnownFileType = sourcecode.swift; path = "UIViewController+ErrorPresentation.swift"; sourceTree = "<group>"; };
		AD1739BE21DD395100218BE5 /* SignInResponsePayload.swift */ = {isa = PBXFileReference; lastKnownFileType = sourcecode.swift; path = SignInResponsePayload.swift; sourceTree = "<group>"; };
		AD1739C021DD398200218BE5 /* SignInErrorPayload.swift */ = {isa = PBXFileReference; lastKnownFileType = sourcecode.swift; path = SignInErrorPayload.swift; sourceTree = "<group>"; };
		AD1739C321DD4D2700218BE5 /* AlwaysExtensions.swift */ = {isa = PBXFileReference; lastKnownFileType = sourcecode.swift; path = AlwaysExtensions.swift; sourceTree = "<group>"; };
		AD1739C821DE14B900218BE5 /* LogoutVC.swift */ = {isa = PBXFileReference; lastKnownFileType = sourcecode.swift; path = LogoutVC.swift; sourceTree = "<group>"; };
		AD1739CA21DE1ADA00218BE5 /* MainViewModel.swift */ = {isa = PBXFileReference; lastKnownFileType = sourcecode.swift; path = MainViewModel.swift; sourceTree = "<group>"; };
		AD1739CD21DE1B8900218BE5 /* SignInResponder.swift */ = {isa = PBXFileReference; lastKnownFileType = sourcecode.swift; path = SignInResponder.swift; sourceTree = "<group>"; };
		AD1739CF21DE1BDA00218BE5 /* MainViewState.swift */ = {isa = PBXFileReference; lastKnownFileType = sourcecode.swift; path = MainViewState.swift; sourceTree = "<group>"; };
		AD1739D221DE1E7900218BE5 /* Factory.swift */ = {isa = PBXFileReference; lastKnownFileType = sourcecode.swift; path = Factory.swift; sourceTree = "<group>"; };
		AD1739D421DE3D6900218BE5 /* LogoutViewModel.swift */ = {isa = PBXFileReference; lastKnownFileType = sourcecode.swift; path = LogoutViewModel.swift; sourceTree = "<group>"; };
		AD4F013A21D8F62E00946CBA /* ErrorMessage.swift */ = {isa = PBXFileReference; lastKnownFileType = sourcecode.swift; path = ErrorMessage.swift; sourceTree = "<group>"; };
		AD4F013C21D8F68E00946CBA /* Secret.swift */ = {isa = PBXFileReference; lastKnownFileType = sourcecode.swift; path = Secret.swift; sourceTree = "<group>"; };
		AD4F014321D8F7D500946CBA /* UserSessionRepository.swift */ = {isa = PBXFileReference; lastKnownFileType = sourcecode.swift; path = UserSessionRepository.swift; sourceTree = "<group>"; };
		ADABCC4921E4AA6A00B43427 /* APIController.swift */ = {isa = PBXFileReference; fileEncoding = 4; lastKnownFileType = sourcecode.swift; path = APIController.swift; sourceTree = "<group>"; };
		ADABCC4C21E4AB3C00B43427 /* Question.swift */ = {isa = PBXFileReference; lastKnownFileType = sourcecode.swift; path = Question.swift; sourceTree = "<group>"; };
		ADABCC4E21E4AB7700B43427 /* RealmQuestion.swift */ = {isa = PBXFileReference; lastKnownFileType = sourcecode.swift; path = RealmQuestion.swift; sourceTree = "<group>"; };
		ADABCC5121E4E23500B43427 /* QuestionsDataStore.swift */ = {isa = PBXFileReference; lastKnownFileType = sourcecode.swift; path = QuestionsDataStore.swift; sourceTree = "<group>"; };
		ADABCC5321E4E28F00B43427 /* RealmQuestionsDataStore.swift */ = {isa = PBXFileReference; lastKnownFileType = sourcecode.swift; path = RealmQuestionsDataStore.swift; sourceTree = "<group>"; };
		ADAEE87721D8F331000B3C52 /* signInApp.app */ = {isa = PBXFileReference; explicitFileType = wrapper.application; includeInIndex = 0; path = signInApp.app; sourceTree = BUILT_PRODUCTS_DIR; };
		ADAEE87A21D8F331000B3C52 /* AppDelegate.swift */ = {isa = PBXFileReference; lastKnownFileType = sourcecode.swift; path = AppDelegate.swift; sourceTree = "<group>"; };
		ADAEE87C21D8F331000B3C52 /* ViewController.swift */ = {isa = PBXFileReference; lastKnownFileType = sourcecode.swift; path = ViewController.swift; sourceTree = "<group>"; };
		ADAEE87F21D8F331000B3C52 /* Base */ = {isa = PBXFileReference; lastKnownFileType = file.storyboard; name = Base; path = Base.lproj/Main.storyboard; sourceTree = "<group>"; };
		ADAEE88121D8F332000B3C52 /* Assets.xcassets */ = {isa = PBXFileReference; lastKnownFileType = folder.assetcatalog; path = Assets.xcassets; sourceTree = "<group>"; };
		ADAEE88421D8F332000B3C52 /* Base */ = {isa = PBXFileReference; lastKnownFileType = file.storyboard; name = Base; path = Base.lproj/LaunchScreen.storyboard; sourceTree = "<group>"; };
		ADAEE88621D8F332000B3C52 /* Info.plist */ = {isa = PBXFileReference; lastKnownFileType = text.plist.xml; path = Info.plist; sourceTree = "<group>"; };
		ADB6A63021DF80F2002224C0 /* CampaignsViewModel.swift */ = {isa = PBXFileReference; lastKnownFileType = sourcecode.swift; path = CampaignsViewModel.swift; sourceTree = "<group>"; };
		ADB6A63321DF8356002224C0 /* CampaignsImplementations.swift */ = {isa = PBXFileReference; lastKnownFileType = sourcecode.swift; path = CampaignsImplementations.swift; sourceTree = "<group>"; };
		ADB6A63521DF83A2002224C0 /* CampaignsRemoteApi.swift */ = {isa = PBXFileReference; lastKnownFileType = sourcecode.swift; path = CampaignsRemoteApi.swift; sourceTree = "<group>"; };
		ADB6A63921DF855A002224C0 /* CampaignsRepository.swift */ = {isa = PBXFileReference; lastKnownFileType = sourcecode.swift; path = CampaignsRepository.swift; sourceTree = "<group>"; };
		ADB6A63C21DF8B94002224C0 /* CampaignsDataStore.swift */ = {isa = PBXFileReference; lastKnownFileType = sourcecode.swift; path = CampaignsDataStore.swift; sourceTree = "<group>"; };
		ADB6A63E21DF8BA5002224C0 /* RealmCampaignsDataStore.swift */ = {isa = PBXFileReference; lastKnownFileType = sourcecode.swift; path = RealmCampaignsDataStore.swift; sourceTree = "<group>"; };
		ADB6A64221DF9089002224C0 /* RealmCampaign.swift */ = {isa = PBXFileReference; lastKnownFileType = sourcecode.swift; path = RealmCampaign.swift; sourceTree = "<group>"; };
		ADB6A64421DFA2BA002224C0 /* CampaignsErrors.swift */ = {isa = PBXFileReference; lastKnownFileType = sourcecode.swift; path = CampaignsErrors.swift; sourceTree = "<group>"; };
		ADE9551921D8F9BB00B86052 /* RemoteUserSession.swift */ = {isa = PBXFileReference; lastKnownFileType = sourcecode.swift; path = RemoteUserSession.swift; sourceTree = "<group>"; };
		ADE9551C21D8FAE900B86052 /* UserSession.swift */ = {isa = PBXFileReference; lastKnownFileType = sourcecode.swift; path = UserSession.swift; sourceTree = "<group>"; };
		ADE9551F21D9005300B86052 /* AuthRemoteAPI.swift */ = {isa = PBXFileReference; lastKnownFileType = sourcecode.swift; path = AuthRemoteAPI.swift; sourceTree = "<group>"; };
		ADE9552121D9008200B86052 /* AuthImplementations.swift */ = {isa = PBXFileReference; lastKnownFileType = sourcecode.swift; path = AuthImplementations.swift; sourceTree = "<group>"; };
		ADE9552421D900E400B86052 /* File.swift */ = {isa = PBXFileReference; lastKnownFileType = sourcecode.swift; path = File.swift; sourceTree = "<group>"; };
		ADE9552621D9016C00B86052 /* Campaign.swift */ = {isa = PBXFileReference; lastKnownFileType = sourcecode.swift; path = Campaign.swift; sourceTree = "<group>"; };
		ADE9552A21D9175D00B86052 /* UserSessionDataStore.swift */ = {isa = PBXFileReference; lastKnownFileType = sourcecode.swift; path = UserSessionDataStore.swift; sourceTree = "<group>"; };
		ADE9552C21D918F800B86052 /* FileUserSessionDataStore.swift */ = {isa = PBXFileReference; lastKnownFileType = sourcecode.swift; path = FileUserSessionDataStore.swift; sourceTree = "<group>"; };
		ADE9552E21D9193500B86052 /* LeadLinkKitError.swift */ = {isa = PBXFileReference; lastKnownFileType = sourcecode.swift; path = LeadLinkKitError.swift; sourceTree = "<group>"; };
		ADE9553021D91A4E00B86052 /* LogInViewModel.swift */ = {isa = PBXFileReference; lastKnownFileType = sourcecode.swift; path = LogInViewModel.swift; sourceTree = "<group>"; };
		D08CF387B9FE9F532D6742A4 /* Pods-signInApp.release.xcconfig */ = {isa = PBXFileReference; includeInIndex = 1; lastKnownFileType = text.xcconfig; name = "Pods-signInApp.release.xcconfig"; path = "Pods/Target Support Files/Pods-signInApp/Pods-signInApp.release.xcconfig"; sourceTree = "<group>"; };
		E1700DCECF7299904F9EAF9E /* Pods-signInApp.debug.xcconfig */ = {isa = PBXFileReference; includeInIndex = 1; lastKnownFileType = text.xcconfig; name = "Pods-signInApp.debug.xcconfig"; path = "Pods/Target Support Files/Pods-signInApp/Pods-signInApp.debug.xcconfig"; sourceTree = "<group>"; };
		F9944ADD7597329722D2089E /* Pods_signInApp.framework */ = {isa = PBXFileReference; explicitFileType = wrapper.framework; includeInIndex = 0; path = Pods_signInApp.framework; sourceTree = BUILT_PRODUCTS_DIR; };
/* End PBXFileReference section */

/* Begin PBXFrameworksBuildPhase section */
		ADAEE87421D8F331000B3C52 /* Frameworks */ = {
			isa = PBXFrameworksBuildPhase;
			buildActionMask = 2147483647;
			files = (
				009644D1982A1FFB8E11B013 /* Pods_signInApp.framework in Frameworks */,
			);
			runOnlyForDeploymentPostprocessing = 0;
		};
/* End PBXFrameworksBuildPhase section */

/* Begin PBXGroup section */
		34FB1A58E047A32A96F61519 /* Pods */ = {
			isa = PBXGroup;
			children = (
				E1700DCECF7299904F9EAF9E /* Pods-signInApp.debug.xcconfig */,
				D08CF387B9FE9F532D6742A4 /* Pods-signInApp.release.xcconfig */,
			);
			name = Pods;
			sourceTree = "<group>";
		};
		AD1739B921DD269B00218BE5 /* UIViewController+ErrorPresentation */ = {
			isa = PBXGroup;
			children = (
				AD1739BA21DD26AE00218BE5 /* UIViewController+ErrorPresentation.swift */,
			);
			path = "UIViewController+ErrorPresentation";
			sourceTree = "<group>";
		};
		AD1739C221DD4D1A00218BE5 /* Extensions */ = {
			isa = PBXGroup;
			children = (
				AD1739C321DD4D2700218BE5 /* AlwaysExtensions.swift */,
			);
			path = Extensions;
			sourceTree = "<group>";
		};
		AD1739CC21DE1B7700218BE5 /* UILayer */ = {
			isa = PBXGroup;
			children = (
				AD1739CD21DE1B8900218BE5 /* SignInResponder.swift */,
				AD1739CF21DE1BDA00218BE5 /* MainViewState.swift */,
			);
			path = UILayer;
			sourceTree = "<group>";
		};
		AD1739D121DE1E6E00218BE5 /* Factory */ = {
			isa = PBXGroup;
			children = (
				AD1739D221DE1E7900218BE5 /* Factory.swift */,
			);
			path = Factory;
			sourceTree = "<group>";
		};
		AD4F013921D8F61F00946CBA /* Model */ = {
			isa = PBXGroup;
			children = (
				ADB6A64121DF907D002224C0 /* Realm */,
				AD4F013A21D8F62E00946CBA /* ErrorMessage.swift */,
				ADE9552621D9016C00B86052 /* Campaign.swift */,
				AD4F013C21D8F68E00946CBA /* Secret.swift */,
				ADE9552E21D9193500B86052 /* LeadLinkKitError.swift */,
				AD1739BE21DD395100218BE5 /* SignInResponsePayload.swift */,
				AD1739C021DD398200218BE5 /* SignInErrorPayload.swift */,
			);
			path = Model;
			sourceTree = "<group>";
		};
		AD4F013E21D8F72600946CBA /* Viewmodel */ = {
			isa = PBXGroup;
			children = (
				ADE9553021D91A4E00B86052 /* LogInViewModel.swift */,
				AD1739CA21DE1ADA00218BE5 /* MainViewModel.swift */,
				AD1739D421DE3D6900218BE5 /* LogoutViewModel.swift */,
				ADB6A63021DF80F2002224C0 /* CampaignsViewModel.swift */,
			);
			path = Viewmodel;
			sourceTree = "<group>";
		};
		AD4F014121D8F7BF00946CBA /* DataLayer */ = {
			isa = PBXGroup;
			children = (
				ADE9551B21D8FAE000B86052 /* Model */,
				AD4F014221D8F7C700946CBA /* Repositories */,
			);
			path = DataLayer;
			sourceTree = "<group>";
		};
		AD4F014221D8F7C700946CBA /* Repositories */ = {
			isa = PBXGroup;
			children = (
				ADE9552821D9170A00B86052 /* Persistence */,
				ADE9551821D8F9B000B86052 /* Remote */,
			);
			path = Repositories;
			sourceTree = "<group>";
		};
		ADABCC4821E4A30D00B43427 /* APIController */ = {
			isa = PBXGroup;
			children = (
				ADABCC4921E4AA6A00B43427 /* APIController.swift */,
			);
			path = APIController;
			sourceTree = "<group>";
		};
		ADABCC4B21E4AB3300B43427 /* Domain */ = {
			isa = PBXGroup;
			children = (
				ADABCC4C21E4AB3C00B43427 /* Question.swift */,
			);
			path = Domain;
			sourceTree = "<group>";
		};
		ADABCC5021E4E22900B43427 /* QuestionsStore */ = {
			isa = PBXGroup;
			children = (
				ADABCC5121E4E23500B43427 /* QuestionsDataStore.swift */,
				ADABCC5321E4E28F00B43427 /* RealmQuestionsDataStore.swift */,
			);
			path = QuestionsStore;
			sourceTree = "<group>";
		};
		ADAEE86E21D8F331000B3C52 = {
			isa = PBXGroup;
			children = (
				ADAEE87921D8F331000B3C52 /* signInApp */,
				ADAEE87821D8F331000B3C52 /* Products */,
				34FB1A58E047A32A96F61519 /* Pods */,
				B4ED95125D27C37F754147FA /* Frameworks */,
			);
			sourceTree = "<group>";
		};
		ADAEE87821D8F331000B3C52 /* Products */ = {
			isa = PBXGroup;
			children = (
				ADAEE87721D8F331000B3C52 /* signInApp.app */,
			);
			name = Products;
			sourceTree = "<group>";
		};
		ADAEE87921D8F331000B3C52 /* signInApp */ = {
			isa = PBXGroup;
			children = (
				ADABCC4B21E4AB3300B43427 /* Domain */,
				ADABCC4821E4A30D00B43427 /* APIController */,
				AD1739D121DE1E6E00218BE5 /* Factory */,
				AD1739CC21DE1B7700218BE5 /* UILayer */,
				AD1739C221DD4D1A00218BE5 /* Extensions */,
				AD1739B921DD269B00218BE5 /* UIViewController+ErrorPresentation */,
				AD4F014121D8F7BF00946CBA /* DataLayer */,
				AD4F013E21D8F72600946CBA /* Viewmodel */,
				AD4F013921D8F61F00946CBA /* Model */,
				ADAEE88C21D8F359000B3C52 /* SignIn */,
				ADAEE87A21D8F331000B3C52 /* AppDelegate.swift */,
				ADAEE87C21D8F331000B3C52 /* ViewController.swift */,
				AD1739C821DE14B900218BE5 /* LogoutVC.swift */,
				ADAEE87E21D8F331000B3C52 /* Main.storyboard */,
				ADAEE88121D8F332000B3C52 /* Assets.xcassets */,
				ADAEE88321D8F332000B3C52 /* LaunchScreen.storyboard */,
				ADAEE88621D8F332000B3C52 /* Info.plist */,
				AD1739B421DCE8FC00218BE5 /* Localizable.strings */,
			);
			path = signInApp;
			sourceTree = "<group>";
		};
		ADAEE88C21D8F359000B3C52 /* SignIn */ = {
			isa = PBXGroup;
			children = (
			);
			path = SignIn;
			sourceTree = "<group>";
		};
		ADB6A63221DF831E002224C0 /* Campaigns */ = {
			isa = PBXGroup;
			children = (
				ADB6A63521DF83A2002224C0 /* CampaignsRemoteApi.swift */,
				ADB6A63321DF8356002224C0 /* CampaignsImplementations.swift */,
			);
			path = Campaigns;
			sourceTree = "<group>";
		};
		ADB6A63721DF842A002224C0 /* UserSession */ = {
			isa = PBXGroup;
			children = (
				ADE9551921D8F9BB00B86052 /* RemoteUserSession.swift */,
				AD4F014321D8F7D500946CBA /* UserSessionRepository.swift */,
			);
			path = UserSession;
			sourceTree = "<group>";
		};
		ADB6A63821DF84FC002224C0 /* CampaignsRepository */ = {
			isa = PBXGroup;
			children = (
				ADB6A63921DF855A002224C0 /* CampaignsRepository.swift */,
			);
			path = CampaignsRepository;
			sourceTree = "<group>";
		};
		ADB6A63B21DF8B80002224C0 /* CampaignsStore */ = {
			isa = PBXGroup;
			children = (
				ADB6A63C21DF8B94002224C0 /* CampaignsDataStore.swift */,
				ADB6A63E21DF8BA5002224C0 /* RealmCampaignsDataStore.swift */,
				ADB6A64421DFA2BA002224C0 /* CampaignsErrors.swift */,
			);
			path = CampaignsStore;
			sourceTree = "<group>";
		};
		ADB6A64121DF907D002224C0 /* Realm */ = {
			isa = PBXGroup;
			children = (
				ADB6A64221DF9089002224C0 /* RealmCampaign.swift */,
				ADABCC4E21E4AB7700B43427 /* RealmQuestion.swift */,
			);
			path = Realm;
			sourceTree = "<group>";
		};
		ADE9551821D8F9B000B86052 /* Remote */ = {
			isa = PBXGroup;
			children = (
				ADB6A63821DF84FC002224C0 /* CampaignsRepository */,
				ADB6A63221DF831E002224C0 /* Campaigns */,
				ADB6A63721DF842A002224C0 /* UserSession */,
				ADE9551E21D9004C00B86052 /* Auth */,
				ADE9552321D900D400B86052 /* SignInRemoteAPI */,
			);
			path = Remote;
			sourceTree = "<group>";
		};
		ADE9551B21D8FAE000B86052 /* Model */ = {
			isa = PBXGroup;
			children = (
				ADE9551C21D8FAE900B86052 /* UserSession.swift */,
			);
			path = Model;
			sourceTree = "<group>";
		};
		ADE9551E21D9004C00B86052 /* Auth */ = {
			isa = PBXGroup;
			children = (
				ADE9551F21D9005300B86052 /* AuthRemoteAPI.swift */,
				ADE9552121D9008200B86052 /* AuthImplementations.swift */,
			);
			path = Auth;
			sourceTree = "<group>";
		};
		ADE9552321D900D400B86052 /* SignInRemoteAPI */ = {
			isa = PBXGroup;
			children = (
				ADE9552421D900E400B86052 /* File.swift */,
			);
			path = SignInRemoteAPI;
			sourceTree = "<group>";
		};
		ADE9552821D9170A00B86052 /* Persistence */ = {
			isa = PBXGroup;
			children = (
				ADABCC5021E4E22900B43427 /* QuestionsStore */,
				ADB6A63B21DF8B80002224C0 /* CampaignsStore */,
				ADE9552921D9173F00B86052 /* UserSessionStore */,
			);
			path = Persistence;
			sourceTree = "<group>";
		};
		ADE9552921D9173F00B86052 /* UserSessionStore */ = {
			isa = PBXGroup;
			children = (
				ADE9552A21D9175D00B86052 /* UserSessionDataStore.swift */,
				ADE9552C21D918F800B86052 /* FileUserSessionDataStore.swift */,
			);
			path = UserSessionStore;
			sourceTree = "<group>";
		};
		B4ED95125D27C37F754147FA /* Frameworks */ = {
			isa = PBXGroup;
			children = (
				F9944ADD7597329722D2089E /* Pods_signInApp.framework */,
			);
			name = Frameworks;
			sourceTree = "<group>";
		};
/* End PBXGroup section */

/* Begin PBXNativeTarget section */
		ADAEE87621D8F331000B3C52 /* signInApp */ = {
			isa = PBXNativeTarget;
			buildConfigurationList = ADAEE88921D8F332000B3C52 /* Build configuration list for PBXNativeTarget "signInApp" */;
			buildPhases = (
				FA2536D2D3165823C77F9547 /* [CP] Check Pods Manifest.lock */,
				ADAEE87321D8F331000B3C52 /* Sources */,
				ADAEE87421D8F331000B3C52 /* Frameworks */,
				ADAEE87521D8F331000B3C52 /* Resources */,
				14EC639785B36E025F57A5DE /* [CP] Embed Pods Frameworks */,
			);
			buildRules = (
			);
			dependencies = (
			);
			name = signInApp;
			productName = signInApp;
			productReference = ADAEE87721D8F331000B3C52 /* signInApp.app */;
			productType = "com.apple.product-type.application";
		};
/* End PBXNativeTarget section */

/* Begin PBXProject section */
		ADAEE86F21D8F331000B3C52 /* Project object */ = {
			isa = PBXProject;
			attributes = {
				LastSwiftUpdateCheck = 1010;
				LastUpgradeCheck = 1010;
				ORGANIZATIONNAME = "Marko Dimitrijevic";
				TargetAttributes = {
					ADAEE87621D8F331000B3C52 = {
						CreatedOnToolsVersion = 10.1;
					};
				};
			};
			buildConfigurationList = ADAEE87221D8F331000B3C52 /* Build configuration list for PBXProject "signInApp" */;
			compatibilityVersion = "Xcode 9.3";
			developmentRegion = en;
			hasScannedForEncodings = 0;
			knownRegions = (
				en,
				Base,
			);
			mainGroup = ADAEE86E21D8F331000B3C52;
			productRefGroup = ADAEE87821D8F331000B3C52 /* Products */;
			projectDirPath = "";
			projectRoot = "";
			targets = (
				ADAEE87621D8F331000B3C52 /* signInApp */,
			);
		};
/* End PBXProject section */

/* Begin PBXResourcesBuildPhase section */
		ADAEE87521D8F331000B3C52 /* Resources */ = {
			isa = PBXResourcesBuildPhase;
			buildActionMask = 2147483647;
			files = (
				ADAEE88521D8F332000B3C52 /* LaunchScreen.storyboard in Resources */,
				AD1739B521DCE8FC00218BE5 /* Localizable.strings in Resources */,
				ADAEE88221D8F332000B3C52 /* Assets.xcassets in Resources */,
				ADAEE88021D8F331000B3C52 /* Main.storyboard in Resources */,
			);
			runOnlyForDeploymentPostprocessing = 0;
		};
/* End PBXResourcesBuildPhase section */

/* Begin PBXShellScriptBuildPhase section */
		14EC639785B36E025F57A5DE /* [CP] Embed Pods Frameworks */ = {
			isa = PBXShellScriptBuildPhase;
			buildActionMask = 2147483647;
			files = (
			);
			inputPaths = (
				"${SRCROOT}/Pods/Target Support Files/Pods-signInApp/Pods-signInApp-frameworks.sh",
				"${BUILT_PRODUCTS_DIR}/Differentiator/Differentiator.framework",
				"${BUILT_PRODUCTS_DIR}/PromiseKit/PromiseKit.framework",
				"${BUILT_PRODUCTS_DIR}/ReachabilitySwift/Reachability.framework",
				"${BUILT_PRODUCTS_DIR}/Realm/Realm.framework",
				"${BUILT_PRODUCTS_DIR}/RealmSwift/RealmSwift.framework",
				"${BUILT_PRODUCTS_DIR}/RxAtomic/RxAtomic.framework",
				"${BUILT_PRODUCTS_DIR}/RxCocoa/RxCocoa.framework",
				"${BUILT_PRODUCTS_DIR}/RxDataSources/RxDataSources.framework",
				"${BUILT_PRODUCTS_DIR}/RxRealm/RxRealm.framework",
				"${BUILT_PRODUCTS_DIR}/RxRealmDataSources/RxRealmDataSources.framework",
				"${BUILT_PRODUCTS_DIR}/RxSwift/RxSwift.framework",
				"${BUILT_PRODUCTS_DIR}/SwiftyJSON/SwiftyJSON.framework",
			);
			name = "[CP] Embed Pods Frameworks";
			outputPaths = (
				"${TARGET_BUILD_DIR}/${FRAMEWORKS_FOLDER_PATH}/Differentiator.framework",
				"${TARGET_BUILD_DIR}/${FRAMEWORKS_FOLDER_PATH}/PromiseKit.framework",
				"${TARGET_BUILD_DIR}/${FRAMEWORKS_FOLDER_PATH}/Reachability.framework",
				"${TARGET_BUILD_DIR}/${FRAMEWORKS_FOLDER_PATH}/Realm.framework",
				"${TARGET_BUILD_DIR}/${FRAMEWORKS_FOLDER_PATH}/RealmSwift.framework",
				"${TARGET_BUILD_DIR}/${FRAMEWORKS_FOLDER_PATH}/RxAtomic.framework",
				"${TARGET_BUILD_DIR}/${FRAMEWORKS_FOLDER_PATH}/RxCocoa.framework",
				"${TARGET_BUILD_DIR}/${FRAMEWORKS_FOLDER_PATH}/RxDataSources.framework",
				"${TARGET_BUILD_DIR}/${FRAMEWORKS_FOLDER_PATH}/RxRealm.framework",
				"${TARGET_BUILD_DIR}/${FRAMEWORKS_FOLDER_PATH}/RxRealmDataSources.framework",
				"${TARGET_BUILD_DIR}/${FRAMEWORKS_FOLDER_PATH}/RxSwift.framework",
				"${TARGET_BUILD_DIR}/${FRAMEWORKS_FOLDER_PATH}/SwiftyJSON.framework",
			);
			runOnlyForDeploymentPostprocessing = 0;
			shellPath = /bin/sh;
			shellScript = "\"${SRCROOT}/Pods/Target Support Files/Pods-signInApp/Pods-signInApp-frameworks.sh\"\n";
			showEnvVarsInLog = 0;
		};
		FA2536D2D3165823C77F9547 /* [CP] Check Pods Manifest.lock */ = {
			isa = PBXShellScriptBuildPhase;
			buildActionMask = 2147483647;
			files = (
			);
			inputPaths = (
				"${PODS_PODFILE_DIR_PATH}/Podfile.lock",
				"${PODS_ROOT}/Manifest.lock",
			);
			name = "[CP] Check Pods Manifest.lock";
			outputPaths = (
				"$(DERIVED_FILE_DIR)/Pods-signInApp-checkManifestLockResult.txt",
			);
			runOnlyForDeploymentPostprocessing = 0;
			shellPath = /bin/sh;
			shellScript = "diff \"${PODS_PODFILE_DIR_PATH}/Podfile.lock\" \"${PODS_ROOT}/Manifest.lock\" > /dev/null\nif [ $? != 0 ] ; then\n    # print error to STDERR\n    echo \"error: The sandbox is not in sync with the Podfile.lock. Run 'pod install' or update your CocoaPods installation.\" >&2\n    exit 1\nfi\n# This output is used by Xcode 'outputs' to avoid re-running this script phase.\necho \"SUCCESS\" > \"${SCRIPT_OUTPUT_FILE_0}\"\n";
			showEnvVarsInLog = 0;
		};
/* End PBXShellScriptBuildPhase section */

/* Begin PBXSourcesBuildPhase section */
		ADAEE87321D8F331000B3C52 /* Sources */ = {
			isa = PBXSourcesBuildPhase;
			buildActionMask = 2147483647;
			files = (
				AD4F013B21D8F62E00946CBA /* ErrorMessage.swift in Sources */,
				ADB6A64521DFA2BA002224C0 /* CampaignsErrors.swift in Sources */,
				ADE9552721D9016C00B86052 /* Campaign.swift in Sources */,
				AD1739CE21DE1B8900218BE5 /* SignInResponder.swift in Sources */,
				AD4F013D21D8F68E00946CBA /* Secret.swift in Sources */,
				ADABCC4D21E4AB3C00B43427 /* Question.swift in Sources */,
				ADB6A63F21DF8BA5002224C0 /* RealmCampaignsDataStore.swift in Sources */,
				ADB6A63621DF83A2002224C0 /* CampaignsRemoteApi.swift in Sources */,
				ADB6A63A21DF855A002224C0 /* CampaignsRepository.swift in Sources */,
				ADE9552D21D918F900B86052 /* FileUserSessionDataStore.swift in Sources */,
				ADB6A63D21DF8B94002224C0 /* CampaignsDataStore.swift in Sources */,
				ADABCC5221E4E23500B43427 /* QuestionsDataStore.swift in Sources */,
				ADABCC4A21E4AA6A00B43427 /* APIController.swift in Sources */,
				AD1739C921DE14B900218BE5 /* LogoutVC.swift in Sources */,
				ADE9553121D91A4E00B86052 /* LogInViewModel.swift in Sources */,
				AD1739BB21DD26AE00218BE5 /* UIViewController+ErrorPresentation.swift in Sources */,
				AD1739D321DE1E7900218BE5 /* Factory.swift in Sources */,
				ADABCC5421E4E28F00B43427 /* RealmQuestionsDataStore.swift in Sources */,
				ADAEE87D21D8F331000B3C52 /* ViewController.swift in Sources */,
				ADE9552221D9008200B86052 /* AuthImplementations.swift in Sources */,
				ADE9551A21D8F9BB00B86052 /* RemoteUserSession.swift in Sources */,
				ADABCC4F21E4AB7700B43427 /* RealmQuestion.swift in Sources */,
				AD1739C121DD398200218BE5 /* SignInErrorPayload.swift in Sources */,
				AD1739BF21DD395100218BE5 /* SignInResponsePayload.swift in Sources */,
				ADB6A63421DF8356002224C0 /* CampaignsImplementations.swift in Sources */,
				ADAEE87B21D8F331000B3C52 /* AppDelegate.swift in Sources */,
				AD4F014421D8F7D500946CBA /* UserSessionRepository.swift in Sources */,
				ADB6A63121DF80F2002224C0 /* CampaignsViewModel.swift in Sources */,
				AD1739CB21DE1ADA00218BE5 /* MainViewModel.swift in Sources */,
				ADE9552B21D9175D00B86052 /* UserSessionDataStore.swift in Sources */,
				ADE9552021D9005300B86052 /* AuthRemoteAPI.swift in Sources */,
				ADE9552F21D9193500B86052 /* LeadLinkKitError.swift in Sources */,
				ADE9552521D900E400B86052 /* File.swift in Sources */,
				AD1739D521DE3D6900218BE5 /* LogoutViewModel.swift in Sources */,
				AD1739D021DE1BDA00218BE5 /* MainViewState.swift in Sources */,
				AD1739C421DD4D2700218BE5 /* AlwaysExtensions.swift in Sources */,
				ADE9551D21D8FAE900B86052 /* UserSession.swift in Sources */,
				ADB6A64321DF9089002224C0 /* RealmCampaign.swift in Sources */,
			);
			runOnlyForDeploymentPostprocessing = 0;
		};
/* End PBXSourcesBuildPhase section */

/* Begin PBXVariantGroup section */
		ADAEE87E21D8F331000B3C52 /* Main.storyboard */ = {
			isa = PBXVariantGroup;
			children = (
				ADAEE87F21D8F331000B3C52 /* Base */,
			);
			name = Main.storyboard;
			sourceTree = "<group>";
		};
		ADAEE88321D8F332000B3C52 /* LaunchScreen.storyboard */ = {
			isa = PBXVariantGroup;
			children = (
				ADAEE88421D8F332000B3C52 /* Base */,
			);
			name = LaunchScreen.storyboard;
			sourceTree = "<group>";
		};
/* End PBXVariantGroup section */

/* Begin XCBuildConfiguration section */
		ADAEE88721D8F332000B3C52 /* Debug */ = {
			isa = XCBuildConfiguration;
			buildSettings = {
				ALWAYS_SEARCH_USER_PATHS = NO;
				CLANG_ANALYZER_NONNULL = YES;
				CLANG_ANALYZER_NUMBER_OBJECT_CONVERSION = YES_AGGRESSIVE;
				CLANG_CXX_LANGUAGE_STANDARD = "gnu++14";
				CLANG_CXX_LIBRARY = "libc++";
				CLANG_ENABLE_MODULES = YES;
				CLANG_ENABLE_OBJC_ARC = YES;
				CLANG_ENABLE_OBJC_WEAK = YES;
				CLANG_WARN_BLOCK_CAPTURE_AUTORELEASING = YES;
				CLANG_WARN_BOOL_CONVERSION = YES;
				CLANG_WARN_COMMA = YES;
				CLANG_WARN_CONSTANT_CONVERSION = YES;
				CLANG_WARN_DEPRECATED_OBJC_IMPLEMENTATIONS = YES;
				CLANG_WARN_DIRECT_OBJC_ISA_USAGE = YES_ERROR;
				CLANG_WARN_DOCUMENTATION_COMMENTS = YES;
				CLANG_WARN_EMPTY_BODY = YES;
				CLANG_WARN_ENUM_CONVERSION = YES;
				CLANG_WARN_INFINITE_RECURSION = YES;
				CLANG_WARN_INT_CONVERSION = YES;
				CLANG_WARN_NON_LITERAL_NULL_CONVERSION = YES;
				CLANG_WARN_OBJC_IMPLICIT_RETAIN_SELF = YES;
				CLANG_WARN_OBJC_LITERAL_CONVERSION = YES;
				CLANG_WARN_OBJC_ROOT_CLASS = YES_ERROR;
				CLANG_WARN_RANGE_LOOP_ANALYSIS = YES;
				CLANG_WARN_STRICT_PROTOTYPES = YES;
				CLANG_WARN_SUSPICIOUS_MOVE = YES;
				CLANG_WARN_UNGUARDED_AVAILABILITY = YES_AGGRESSIVE;
				CLANG_WARN_UNREACHABLE_CODE = YES;
				CLANG_WARN__DUPLICATE_METHOD_MATCH = YES;
				CODE_SIGN_IDENTITY = "iPhone Developer";
				COPY_PHASE_STRIP = NO;
				DEBUG_INFORMATION_FORMAT = dwarf;
				ENABLE_STRICT_OBJC_MSGSEND = YES;
				ENABLE_TESTABILITY = YES;
				GCC_C_LANGUAGE_STANDARD = gnu11;
				GCC_DYNAMIC_NO_PIC = NO;
				GCC_NO_COMMON_BLOCKS = YES;
				GCC_OPTIMIZATION_LEVEL = 0;
				GCC_PREPROCESSOR_DEFINITIONS = (
					"DEBUG=1",
					"$(inherited)",
				);
				GCC_WARN_64_TO_32_BIT_CONVERSION = YES;
				GCC_WARN_ABOUT_RETURN_TYPE = YES_ERROR;
				GCC_WARN_UNDECLARED_SELECTOR = YES;
				GCC_WARN_UNINITIALIZED_AUTOS = YES_AGGRESSIVE;
				GCC_WARN_UNUSED_FUNCTION = YES;
				GCC_WARN_UNUSED_VARIABLE = YES;
				IPHONEOS_DEPLOYMENT_TARGET = 12.1;
				MTL_ENABLE_DEBUG_INFO = INCLUDE_SOURCE;
				MTL_FAST_MATH = YES;
				ONLY_ACTIVE_ARCH = YES;
				SDKROOT = iphoneos;
				SWIFT_ACTIVE_COMPILATION_CONDITIONS = DEBUG;
				SWIFT_OPTIMIZATION_LEVEL = "-Onone";
			};
			name = Debug;
		};
		ADAEE88821D8F332000B3C52 /* Release */ = {
			isa = XCBuildConfiguration;
			buildSettings = {
				ALWAYS_SEARCH_USER_PATHS = NO;
				CLANG_ANALYZER_NONNULL = YES;
				CLANG_ANALYZER_NUMBER_OBJECT_CONVERSION = YES_AGGRESSIVE;
				CLANG_CXX_LANGUAGE_STANDARD = "gnu++14";
				CLANG_CXX_LIBRARY = "libc++";
				CLANG_ENABLE_MODULES = YES;
				CLANG_ENABLE_OBJC_ARC = YES;
				CLANG_ENABLE_OBJC_WEAK = YES;
				CLANG_WARN_BLOCK_CAPTURE_AUTORELEASING = YES;
				CLANG_WARN_BOOL_CONVERSION = YES;
				CLANG_WARN_COMMA = YES;
				CLANG_WARN_CONSTANT_CONVERSION = YES;
				CLANG_WARN_DEPRECATED_OBJC_IMPLEMENTATIONS = YES;
				CLANG_WARN_DIRECT_OBJC_ISA_USAGE = YES_ERROR;
				CLANG_WARN_DOCUMENTATION_COMMENTS = YES;
				CLANG_WARN_EMPTY_BODY = YES;
				CLANG_WARN_ENUM_CONVERSION = YES;
				CLANG_WARN_INFINITE_RECURSION = YES;
				CLANG_WARN_INT_CONVERSION = YES;
				CLANG_WARN_NON_LITERAL_NULL_CONVERSION = YES;
				CLANG_WARN_OBJC_IMPLICIT_RETAIN_SELF = YES;
				CLANG_WARN_OBJC_LITERAL_CONVERSION = YES;
				CLANG_WARN_OBJC_ROOT_CLASS = YES_ERROR;
				CLANG_WARN_RANGE_LOOP_ANALYSIS = YES;
				CLANG_WARN_STRICT_PROTOTYPES = YES;
				CLANG_WARN_SUSPICIOUS_MOVE = YES;
				CLANG_WARN_UNGUARDED_AVAILABILITY = YES_AGGRESSIVE;
				CLANG_WARN_UNREACHABLE_CODE = YES;
				CLANG_WARN__DUPLICATE_METHOD_MATCH = YES;
				CODE_SIGN_IDENTITY = "iPhone Developer";
				COPY_PHASE_STRIP = NO;
				DEBUG_INFORMATION_FORMAT = "dwarf-with-dsym";
				ENABLE_NS_ASSERTIONS = NO;
				ENABLE_STRICT_OBJC_MSGSEND = YES;
				GCC_C_LANGUAGE_STANDARD = gnu11;
				GCC_NO_COMMON_BLOCKS = YES;
				GCC_WARN_64_TO_32_BIT_CONVERSION = YES;
				GCC_WARN_ABOUT_RETURN_TYPE = YES_ERROR;
				GCC_WARN_UNDECLARED_SELECTOR = YES;
				GCC_WARN_UNINITIALIZED_AUTOS = YES_AGGRESSIVE;
				GCC_WARN_UNUSED_FUNCTION = YES;
				GCC_WARN_UNUSED_VARIABLE = YES;
				IPHONEOS_DEPLOYMENT_TARGET = 12.1;
				MTL_ENABLE_DEBUG_INFO = NO;
				MTL_FAST_MATH = YES;
				SDKROOT = iphoneos;
				SWIFT_COMPILATION_MODE = wholemodule;
				SWIFT_OPTIMIZATION_LEVEL = "-O";
				VALIDATE_PRODUCT = YES;
			};
			name = Release;
		};
		ADAEE88A21D8F332000B3C52 /* Debug */ = {
			isa = XCBuildConfiguration;
			baseConfigurationReference = E1700DCECF7299904F9EAF9E /* Pods-signInApp.debug.xcconfig */;
			buildSettings = {
				ASSETCATALOG_COMPILER_APPICON_NAME = AppIcon;
				CODE_SIGN_STYLE = Automatic;
				DEVELOPMENT_TEAM = S26YPRY864;
				INFOPLIST_FILE = signInApp/Info.plist;
				LD_RUNPATH_SEARCH_PATHS = (
					"$(inherited)",
					"@executable_path/Frameworks",
				);
				PRODUCT_BUNDLE_IDENTIFIER = com.navus.signInApp;
				PRODUCT_NAME = "$(TARGET_NAME)";
				SWIFT_VERSION = 4.2;
				TARGETED_DEVICE_FAMILY = "1,2";
			};
			name = Debug;
		};
		ADAEE88B21D8F332000B3C52 /* Release */ = {
			isa = XCBuildConfiguration;
			baseConfigurationReference = D08CF387B9FE9F532D6742A4 /* Pods-signInApp.release.xcconfig */;
			buildSettings = {
				ASSETCATALOG_COMPILER_APPICON_NAME = AppIcon;
				CODE_SIGN_STYLE = Automatic;
				DEVELOPMENT_TEAM = S26YPRY864;
				INFOPLIST_FILE = signInApp/Info.plist;
				LD_RUNPATH_SEARCH_PATHS = (
					"$(inherited)",
					"@executable_path/Frameworks",
				);
				PRODUCT_BUNDLE_IDENTIFIER = com.navus.signInApp;
				PRODUCT_NAME = "$(TARGET_NAME)";
				SWIFT_VERSION = 4.2;
				TARGETED_DEVICE_FAMILY = "1,2";
			};
			name = Release;
		};
/* End XCBuildConfiguration section */

/* Begin XCConfigurationList section */
		ADAEE87221D8F331000B3C52 /* Build configuration list for PBXProject "signInApp" */ = {
			isa = XCConfigurationList;
			buildConfigurations = (
				ADAEE88721D8F332000B3C52 /* Debug */,
				ADAEE88821D8F332000B3C52 /* Release */,
			);
			defaultConfigurationIsVisible = 0;
			defaultConfigurationName = Release;
		};
		ADAEE88921D8F332000B3C52 /* Build configuration list for PBXNativeTarget "signInApp" */ = {
			isa = XCConfigurationList;
			buildConfigurations = (
				ADAEE88A21D8F332000B3C52 /* Debug */,
				ADAEE88B21D8F332000B3C52 /* Release */,
			);
			defaultConfigurationIsVisible = 0;
			defaultConfigurationName = Release;
		};
/* End XCConfigurationList section */
	};
	rootObject = ADAEE86F21D8F331000B3C52 /* Project object */;
}
